
Microsoft Visual Studio Solution File, Format Version 11.00
# Visual Studio 2010
Project("{FAE04EC0-301F-11D3-BF4B-00C04F79EFBC}") = "IMS_client", "IMS_client\IMS_client.csproj", "{24E07920-09F7-4244-AAA3-0C3C46C8D878}"
EndProject
Project("{FAE04EC0-301F-11D3-BF4B-00C04F79EFBC}") = "SIPLib", "..\SIPLib\SIPLib\SIPLib.csproj", "{BCB5CEA8-22E7-470C-B566-CFEA2D051C9B}"
EndProject
Global
	GlobalSection(SolutionConfigurationPlatforms) = preSolution
		Debug|Any CPU = Debug|Any CPU
		Debug|x86 = Debug|x86
		Release|Any CPU = Release|Any CPU
		Release|x86 = Release|x86
	EndGlobalSection
	GlobalSection(ProjectConfigurationPlatforms) = postSolution
		{24E07920-09F7-4244-AAA3-0C3C46C8D878}.Debug|Any CPU.ActiveCfg = Debug|Any CPU
		{24E07920-09F7-4244-AAA3-0C3C46C8D878}.Debug|Any CPU.Build.0 = Debug|Any CPU
		{24E07920-09F7-4244-AAA3-0C3C46C8D878}.Debug|x86.ActiveCfg = Debug|x86
		{24E07920-09F7-4244-AAA3-0C3C46C8D878}.Debug|x86.Build.0 = Debug|x86
		{24E07920-09F7-4244-AAA3-0C3C46C8D878}.Release|Any CPU.ActiveCfg = Release|Any CPU
		{24E07920-09F7-4244-AAA3-0C3C46C8D878}.Release|Any CPU.Build.0 = Release|Any CPU
		{24E07920-09F7-4244-AAA3-0C3C46C8D878}.Release|x86.ActiveCfg = Release|x86
		{24E07920-09F7-4244-AAA3-0C3C46C8D878}.Release|x86.Build.0 = Release|x86
		{BCB5CEA8-22E7-470C-B566-CFEA2D051C9B}.Debug|Any CPU.ActiveCfg = Debug|Any CPU
		{BCB5CEA8-22E7-470C-B566-CFEA2D051C9B}.Debug|Any CPU.Build.0 = Debug|Any CPU
		{BCB5CEA8-22E7-470C-B566-CFEA2D051C9B}.Debug|x86.ActiveCfg = Debug|Any CPU
		{BCB5CEA8-22E7-470C-B566-CFEA2D051C9B}.Release|Any CPU.ActiveCfg = Release|Any CPU
		{BCB5CEA8-22E7-470C-B566-CFEA2D051C9B}.Release|Any CPU.Build.0 = Release|Any CPU
		{BCB5CEA8-22E7-470C-B566-CFEA2D051C9B}.Release|x86.ActiveCfg = Release|Any CPU
	EndGlobalSection
	GlobalSection(SolutionProperties) = preSolution
		HideSolutionNode = FALSE
	EndGlobalSection
EndGlobal
